<?xml version="1.0" encoding="utf-8"?>
<Project ToolsVersion="17.0" xmlns="http://schemas.microsoft.com/developer/msbuild/2003">
  <ItemGroup>
    <CustomBuild Include="E:\development\app_dev\flutter_project\ticket_app\build\windows\x64\CMakeFiles\63c861d97408bb6e724325f1a82a658d\INSTALL_force.rule">
      <Filter>CMake Rules</Filter>
    </CustomBuild>
  </ItemGroup>
  <ItemGroup>
    <Filter Include="CMake Rules">
      <UniqueIdentifier>{CB05BE01-B1B2-3B2A-B620-5354C523961F}</UniqueIdentifier>
    </Filter>
  </ItemGroup>
</Project>
